// !$*UTF8*$!
{
	archiveVersion = 1;
	classes = {
	};
	objectVersion = 46;
	objects = {

/* Begin PBXBuildFile section */
		29DF892CA1AA6264C522FFC1 /* Pods_SensorTagCC2650.framework in Frameworks */ = {isa = PBXBuildFile; fileRef = 30AD918ADD9E566DC866A158 /* Pods_SensorTagCC2650.framework */; };
		312B15F61F90F56D00E5966A /* CC2650.swift in Sources */ = {isa = PBXBuildFile; fileRef = 312B15F51F90F56D00E5966A /* CC2650.swift */; };
		317247CB1F8D0B60007B1ECF /* AppDelegate.swift in Sources */ = {isa = PBXBuildFile; fileRef = 317247CA1F8D0B60007B1ECF /* AppDelegate.swift */; };
		317247CD1F8D0B60007B1ECF /* ViewController.swift in Sources */ = {isa = PBXBuildFile; fileRef = 317247CC1F8D0B60007B1ECF /* ViewController.swift */; };
		317247D01F8D0B60007B1ECF /* Main.storyboard in Resources */ = {isa = PBXBuildFile; fileRef = 317247CE1F8D0B60007B1ECF /* Main.storyboard */; };
		317247D21F8D0B60007B1ECF /* Assets.xcassets in Resources */ = {isa = PBXBuildFile; fileRef = 317247D11F8D0B60007B1ECF /* Assets.xcassets */; };
		317247D51F8D0B60007B1ECF /* LaunchScreen.storyboard in Resources */ = {isa = PBXBuildFile; fileRef = 317247D31F8D0B60007B1ECF /* LaunchScreen.storyboard */; };
		3196A0611F923C1A0039A879 /* Data+CC2650.swift in Sources */ = {isa = PBXBuildFile; fileRef = 3196A0601F923C1A0039A879 /* Data+CC2650.swift */; };
		31B600101F8D1E2900BCE913 /* SensorTagViewController.swift in Sources */ = {isa = PBXBuildFile; fileRef = 31B6000F1F8D1E2900BCE913 /* SensorTagViewController.swift */; };
		31B600121F8D268100BCE913 /* CBCharacteristic.swift in Sources */ = {isa = PBXBuildFile; fileRef = 31B600111F8D268100BCE913 /* CBCharacteristic.swift */; };
/* End PBXBuildFile section */

/* Begin PBXFileReference section */
		30AD918ADD9E566DC866A158 /* Pods_SensorTagCC2650.framework */ = {isa = PBXFileReference; explicitFileType = wrapper.framework; includeInIndex = 0; path = Pods_SensorTagCC2650.framework; sourceTree = BUILT_PRODUCTS_DIR; };
		312B15F51F90F56D00E5966A /* CC2650.swift */ = {isa = PBXFileReference; fileEncoding = 4; lastKnownFileType = sourcecode.swift; path = CC2650.swift; sourceTree = "<group>"; };
		317247C71F8D0B60007B1ECF /* SensorTagCC2650.app */ = {isa = PBXFileReference; explicitFileType = wrapper.application; includeInIndex = 0; path = SensorTagCC2650.app; sourceTree = BUILT_PRODUCTS_DIR; };
		317247CA1F8D0B60007B1ECF /* AppDelegate.swift */ = {isa = PBXFileReference; lastKnownFileType = sourcecode.swift; path = AppDelegate.swift; sourceTree = "<group>"; };
		317247CC1F8D0B60007B1ECF /* ViewController.swift */ = {isa = PBXFileReference; lastKnownFileType = sourcecode.swift; path = ViewController.swift; sourceTree = "<group>"; };
		317247CF1F8D0B60007B1ECF /* Base */ = {isa = PBXFileReference; lastKnownFileType = file.storyboard; name = Base; path = Base.lproj/Main.storyboard; sourceTree = "<group>"; };
		317247D11F8D0B60007B1ECF /* Assets.xcassets */ = {isa = PBXFileReference; lastKnownFileType = folder.assetcatalog; path = Assets.xcassets; sourceTree = "<group>"; };
		317247D41F8D0B60007B1ECF /* Base */ = {isa = PBXFileReference; lastKnownFileType = file.storyboard; name = Base; path = Base.lproj/LaunchScreen.storyboard; sourceTree = "<group>"; };
		317247D61F8D0B60007B1ECF /* Info.plist */ = {isa = PBXFileReference; lastKnownFileType = text.plist.xml; path = Info.plist; sourceTree = "<group>"; };
		3196A0601F923C1A0039A879 /* Data+CC2650.swift */ = {isa = PBXFileReference; fileEncoding = 4; lastKnownFileType = sourcecode.swift; path = "Data+CC2650.swift"; sourceTree = "<group>"; };
		31B6000F1F8D1E2900BCE913 /* SensorTagViewController.swift */ = {isa = PBXFileReference; fileEncoding = 4; lastKnownFileType = sourcecode.swift; path = SensorTagViewController.swift; sourceTree = "<group>"; };
		31B600111F8D268100BCE913 /* CBCharacteristic.swift */ = {isa = PBXFileReference; fileEncoding = 4; lastKnownFileType = sourcecode.swift; path = CBCharacteristic.swift; sourceTree = "<group>"; };
		73CA5B6818B316D945630E52 /* Pods-SensorTagCC2650.debug.xcconfig */ = {isa = PBXFileReference; includeInIndex = 1; lastKnownFileType = text.xcconfig; name = "Pods-SensorTagCC2650.debug.xcconfig"; path = "Pods/Target Support Files/Pods-SensorTagCC2650/Pods-SensorTagCC2650.debug.xcconfig"; sourceTree = "<group>"; };
		8BA4FB1D939C2367074887D3 /* Pods-SensorTagCC2650.release.xcconfig */ = {isa = PBXFileReference; includeInIndex = 1; lastKnownFileType = text.xcconfig; name = "Pods-SensorTagCC2650.release.xcconfig"; path = "Pods/Target Support Files/Pods-SensorTagCC2650/Pods-SensorTagCC2650.release.xcconfig"; sourceTree = "<group>"; };
/* End PBXFileReference section */

/* Begin PBXFrameworksBuildPhase section */
		317247C41F8D0B60007B1ECF /* Frameworks */ = {
			isa = PBXFrameworksBuildPhase;
			buildActionMask = 2147483647;
			files = (
				29DF892CA1AA6264C522FFC1 /* Pods_SensorTagCC2650.framework in Frameworks */,
			);
			runOnlyForDeploymentPostprocessing = 0;
		};
/* End PBXFrameworksBuildPhase section */

/* Begin PBXGroup section */
		317247BE1F8D0B60007B1ECF = {
			isa = PBXGroup;
			children = (
				317247C91F8D0B60007B1ECF /* SensorTagCC2650 */,
				317247C81F8D0B60007B1ECF /* Products */,
				9C4351C0EC1A61D3125E42AB /* Pods */,
				F6EB08C575AA5C279CE0F02D /* Frameworks */,
			);
			sourceTree = "<group>";
		};
		317247C81F8D0B60007B1ECF /* Products */ = {
			isa = PBXGroup;
			children = (
				317247C71F8D0B60007B1ECF /* SensorTagCC2650.app */,
			);
			name = Products;
			sourceTree = "<group>";
		};
		317247C91F8D0B60007B1ECF /* SensorTagCC2650 */ = {
			isa = PBXGroup;
			children = (
				317247CA1F8D0B60007B1ECF /* AppDelegate.swift */,
				317247CC1F8D0B60007B1ECF /* ViewController.swift */,
				317247CE1F8D0B60007B1ECF /* Main.storyboard */,
				317247D11F8D0B60007B1ECF /* Assets.xcassets */,
				317247D31F8D0B60007B1ECF /* LaunchScreen.storyboard */,
				317247D61F8D0B60007B1ECF /* Info.plist */,
				31B6000F1F8D1E2900BCE913 /* SensorTagViewController.swift */,
				31B600111F8D268100BCE913 /* CBCharacteristic.swift */,
				312B15F51F90F56D00E5966A /* CC2650.swift */,
				3196A0601F923C1A0039A879 /* Data+CC2650.swift */,
			);
			path = SensorTagCC2650;
			sourceTree = "<group>";
		};
		9C4351C0EC1A61D3125E42AB /* Pods */ = {
			isa = PBXGroup;
			children = (
				73CA5B6818B316D945630E52 /* Pods-SensorTagCC2650.debug.xcconfig */,
				8BA4FB1D939C2367074887D3 /* Pods-SensorTagCC2650.release.xcconfig */,
			);
			name = Pods;
			sourceTree = "<group>";
		};
		F6EB08C575AA5C279CE0F02D /* Frameworks */ = {
			isa = PBXGroup;
			children = (
				30AD918ADD9E566DC866A158 /* Pods_SensorTagCC2650.framework */,
			);
			name = Frameworks;
			sourceTree = "<group>";
		};
/* End PBXGroup section */

/* Begin PBXNativeTarget section */
		317247C61F8D0B60007B1ECF /* SensorTagCC2650 */ = {
			isa = PBXNativeTarget;
			buildConfigurationList = 317247D91F8D0B60007B1ECF /* Build configuration list for PBXNativeTarget "SensorTagCC2650" */;
			buildPhases = (
				53C51B31048D0FA7A718B8A8 /* [CP] Check Pods Manifest.lock */,
				317247C31F8D0B60007B1ECF /* Sources */,
				317247C41F8D0B60007B1ECF /* Frameworks */,
				317247C51F8D0B60007B1ECF /* Resources */,
				B3362FF5FE9FBF2A00BC8904 /* [CP] Embed Pods Frameworks */,
				7FA3D599ED1C66BE79DCE8C0 /* [CP] Copy Pods Resources */,
				31B600131F8E4A5B00BCE913 /* ShellScript */,
			);
			buildRules = (
			);
			dependencies = (
			);
			name = SensorTagCC2650;
			productName = SensorTagCC2650;
			productReference = 317247C71F8D0B60007B1ECF /* SensorTagCC2650.app */;
			productType = "com.apple.product-type.application";
		};
/* End PBXNativeTarget section */

/* Begin PBXProject section */
		317247BF1F8D0B60007B1ECF /* Project object */ = {
			isa = PBXProject;
			attributes = {
				LastSwiftUpdateCheck = 0820;
				LastUpgradeCheck = 0820;
				ORGANIZATIONNAME = mani3;
				TargetAttributes = {
					317247C61F8D0B60007B1ECF = {
						CreatedOnToolsVersion = 8.2.1;
						DevelopmentTeam = 9QXK3B8LAC;
						ProvisioningStyle = Manual;
					};
				};
			};
			buildConfigurationList = 317247C21F8D0B60007B1ECF /* Build configuration list for PBXProject "SensorTagCC2650" */;
			compatibilityVersion = "Xcode 3.2";
			developmentRegion = English;
			hasScannedForEncodings = 0;
			knownRegions = (
				en,
				Base,
			);
			mainGroup = 317247BE1F8D0B60007B1ECF;
			productRefGroup = 317247C81F8D0B60007B1ECF /* Products */;
			projectDirPath = "";
			projectRoot = "";
			targets = (
				317247C61F8D0B60007B1ECF /* SensorTagCC2650 */,
			);
		};
/* End PBXProject section */

/* Begin PBXResourcesBuildPhase section */
		317247C51F8D0B60007B1ECF /* Resources */ = {
			isa = PBXResourcesBuildPhase;
			buildActionMask = 2147483647;
			files = (
				317247D51F8D0B60007B1ECF /* LaunchScreen.storyboard in Resources */,
				317247D21F8D0B60007B1ECF /* Assets.xcassets in Resources */,
				317247D01F8D0B60007B1ECF /* Main.storyboard in Resources */,
			);
			runOnlyForDeploymentPostprocessing = 0;
		};
/* End PBXResourcesBuildPhase section */

/* Begin PBXShellScriptBuildPhase section */
		31B600131F8E4A5B00BCE913 /* ShellScript */ = {
			isa = PBXShellScriptBuildPhase;
			buildActionMask = 2147483647;
			files = (
			);
			inputPaths = (
			);
			outputPaths = (
			);
			runOnlyForDeploymentPostprocessing = 0;
			shellPath = /bin/sh;
			shellScript = "if which swiftlint >/dev/null; then\nswiftlint autocorrect\nswiftlint\nelse\necho \"warning: SwiftLint not installed, download from https://github.com/realm/SwiftLint\"\nfi";
		};
		53C51B31048D0FA7A718B8A8 /* [CP] Check Pods Manifest.lock */ = {
			isa = PBXShellScriptBuildPhase;
			buildActionMask = 2147483647;
			files = (
			);
			inputPaths = (
				"${PODS_PODFILE_DIR_PATH}/Podfile.lock",
				"${PODS_ROOT}/Manifest.lock",
			);
			name = "[CP] Check Pods Manifest.lock";
			outputPaths = (
				"$(DERIVED_FILE_DIR)/Pods-SensorTagCC2650-checkManifestLockResult.txt",
			);
			runOnlyForDeploymentPostprocessing = 0;
			shellPath = /bin/sh;
			shellScript = "diff \"${PODS_PODFILE_DIR_PATH}/Podfile.lock\" \"${PODS_ROOT}/Manifest.lock\" > /dev/null\nif [ $? != 0 ] ; then\n    # print error to STDERR\n    echo \"error: The sandbox is not in sync with the Podfile.lock. Run 'pod install' or update your CocoaPods installation.\" >&2\n    exit 1\nfi\n# This output is used by Xcode 'outputs' to avoid re-running this script phase.\necho \"SUCCESS\" > \"${SCRIPT_OUTPUT_FILE_0}\"\n";
			showEnvVarsInLog = 0;
		};
		7FA3D599ED1C66BE79DCE8C0 /* [CP] Copy Pods Resources */ = {
			isa = PBXShellScriptBuildPhase;
			buildActionMask = 2147483647;
			files = (
			);
			inputPaths = (
			);
			name = "[CP] Copy Pods Resources";
			outputPaths = (
			);
			runOnlyForDeploymentPostprocessing = 0;
			shellPath = /bin/sh;
			shellScript = "\"${SRCROOT}/Pods/Target Support Files/Pods-SensorTagCC2650/Pods-SensorTagCC2650-resources.sh\"\n";
			showEnvVarsInLog = 0;
		};
		B3362FF5FE9FBF2A00BC8904 /* [CP] Embed Pods Frameworks */ = {
			isa = PBXShellScriptBuildPhase;
			buildActionMask = 2147483647;
			files = (
			);
			inputPaths = (
				"${SRCROOT}/Pods/Target Support Files/Pods-SensorTagCC2650/Pods-SensorTagCC2650-frameworks.sh",
				"${BUILT_PRODUCTS_DIR}/RxCocoa/RxCocoa.framework",
				"${BUILT_PRODUCTS_DIR}/RxDataSources/RxDataSources.framework",
				"${BUILT_PRODUCTS_DIR}/RxSwift/RxSwift.framework",
			);
			name = "[CP] Embed Pods Frameworks";
			outputPaths = (
				"${TARGET_BUILD_DIR}/${FRAMEWORKS_FOLDER_PATH}/RxCocoa.framework",
				"${TARGET_BUILD_DIR}/${FRAMEWORKS_FOLDER_PATH}/RxDataSources.framework",
				"${TARGET_BUILD_DIR}/${FRAMEWORKS_FOLDER_PATH}/RxSwift.framework",
			);
			runOnlyForDeploymentPostprocessing = 0;
			shellPath = /bin/sh;
			shellScript = "\"${SRCROOT}/Pods/Target Support Files/Pods-SensorTagCC2650/Pods-SensorTagCC2650-frameworks.sh\"\n";
			showEnvVarsInLog = 0;
		};
/* End PBXShellScriptBuildPhase section */

/* Begin PBXSourcesBuildPhase section */
		317247C31F8D0B60007B1ECF /* Sources */ = {
			isa = PBXSourcesBuildPhase;
			buildActionMask = 2147483647;
			files = (
				317247CD1F8D0B60007B1ECF /* ViewController.swift in Sources */,
				317247CB1F8D0B60007B1ECF /* AppDelegate.swift in Sources */,
				3196A0611F923C1A0039A879 /* Data+CC2650.swift in Sources */,
				31B600121F8D268100BCE913 /* CBCharacteristic.swift in Sources */,
				31B600101F8D1E2900BCE913 /* SensorTagViewController.swift in Sources */,
				312B15F61F90F56D00E5966A /* CC2650.swift in Sources */,
			);
			runOnlyForDeploymentPostprocessing = 0;
		};
/* End PBXSourcesBuildPhase section */

/* Begin PBXVariantGroup section */
		317247CE1F8D0B60007B1ECF /* Main.storyboard */ = {
			isa = PBXVariantGroup;
			children = (
				317247CF1F8D0B60007B1ECF /* Base */,
			);
			name = Main.storyboard;
			sourceTree = "<group>";
		};
		317247D31F8D0B60007B1ECF /* LaunchScreen.storyboard */ = {
			isa = PBXVariantGroup;
			children = (
				317247D41F8D0B60007B1ECF /* Base */,
			);
			name = LaunchScreen.storyboard;
			sourceTree = "<group>";
		};
/* End PBXVariantGroup section */

/* Begin XCBuildConfiguration section */
		317247D71F8D0B60007B1ECF /* Debug */ = {
			isa = XCBuildConfiguration;
			buildSettings = {
				ALWAYS_SEARCH_USER_PATHS = NO;
				CLANG_ANALYZER_NONNULL = YES;
				CLANG_CXX_LANGUAGE_STANDARD = "gnu++0x";
				CLANG_CXX_LIBRARY = "libc++";
				CLANG_ENABLE_MODULES = YES;
				CLANG_ENABLE_OBJC_ARC = YES;
				CLANG_WARN_BOOL_CONVERSION = YES;
				CLANG_WARN_CONSTANT_CONVERSION = YES;
				CLANG_WARN_DIRECT_OBJC_ISA_USAGE = YES_ERROR;
				CLANG_WARN_DOCUMENTATION_COMMENTS = YES;
				CLANG_WARN_EMPTY_BODY = YES;
				CLANG_WARN_ENUM_CONVERSION = YES;
				CLANG_WARN_INFINITE_RECURSION = YES;
				CLANG_WARN_INT_CONVERSION = YES;
				CLANG_WARN_OBJC_ROOT_CLASS = YES_ERROR;
				CLANG_WARN_SUSPICIOUS_MOVE = YES;
				CLANG_WARN_UNREACHABLE_CODE = YES;
				CLANG_WARN__DUPLICATE_METHOD_MATCH = YES;
				"CODE_SIGN_IDENTITY[sdk=iphoneos*]" = "iPhone Developer";
				COPY_PHASE_STRIP = NO;
				DEBUG_INFORMATION_FORMAT = dwarf;
				ENABLE_STRICT_OBJC_MSGSEND = YES;
				ENABLE_TESTABILITY = YES;
				GCC_C_LANGUAGE_STANDARD = gnu99;
				GCC_DYNAMIC_NO_PIC = NO;
				GCC_NO_COMMON_BLOCKS = YES;
				GCC_OPTIMIZATION_LEVEL = 0;
				GCC_PREPROCESSOR_DEFINITIONS = (
					"DEBUG=1",
					"$(inherited)",
				);
				GCC_WARN_64_TO_32_BIT_CONVERSION = YES;
				GCC_WARN_ABOUT_RETURN_TYPE = YES_ERROR;
				GCC_WARN_UNDECLARED_SELECTOR = YES;
				GCC_WARN_UNINITIALIZED_AUTOS = YES_AGGRESSIVE;
				GCC_WARN_UNUSED_FUNCTION = YES;
				GCC_WARN_UNUSED_VARIABLE = YES;
				IPHONEOS_DEPLOYMENT_TARGET = 10.2;
				MTL_ENABLE_DEBUG_INFO = YES;
				ONLY_ACTIVE_ARCH = YES;
				SDKROOT = iphoneos;
				SWIFT_ACTIVE_COMPILATION_CONDITIONS = DEBUG;
				SWIFT_OPTIMIZATION_LEVEL = "-Onone";
				TARGETED_DEVICE_FAMILY = "1,2";
			};
			name = Debug;
		};
		317247D81F8D0B60007B1ECF /* Release */ = {
			isa = XCBuildConfiguration;
			buildSettings = {
				ALWAYS_SEARCH_USER_PATHS = NO;
				CLANG_ANALYZER_NONNULL = YES;
				CLANG_CXX_LANGUAGE_STANDARD = "gnu++0x";
				CLANG_CXX_LIBRARY = "libc++";
				CLANG_ENABLE_MODULES = YES;
				CLANG_ENABLE_OBJC_ARC = YES;
				CLANG_WARN_BOOL_CONVERSION = YES;
				CLANG_WARN_CONSTANT_CONVERSION = YES;
				CLANG_WARN_DIRECT_OBJC_ISA_USAGE = YES_ERROR;
				CLANG_WARN_DOCUMENTATION_COMMENTS = YES;
				CLANG_WARN_EMPTY_BODY = YES;
				CLANG_WARN_ENUM_CONVERSION = YES;
				CLANG_WARN_INFINITE_RECURSION = YES;
				CLANG_WARN_INT_CONVERSION = YES;
				CLANG_WARN_OBJC_ROOT_CLASS = YES_ERROR;
				CLANG_WARN_SUSPICIOUS_MOVE = YES;
				CLANG_WARN_UNREACHABLE_CODE = YES;
				CLANG_WARN__DUPLICATE_METHOD_MATCH = YES;
				"CODE_SIGN_IDENTITY[sdk=iphoneos*]" = "iPhone Developer";
				COPY_PHASE_STRIP = NO;
				DEBUG_INFORMATION_FORMAT = "dwarf-with-dsym";
				ENABLE_NS_ASSERTIONS = NO;
				ENABLE_STRICT_OBJC_MSGSEND = YES;
				GCC_C_LANGUAGE_STANDARD = gnu99;
				GCC_NO_COMMON_BLOCKS = YES;
				GCC_WARN_64_TO_32_BIT_CONVERSION = YES;
				GCC_WARN_ABOUT_RETURN_TYPE = YES_ERROR;
				GCC_WARN_UNDECLARED_SELECTOR = YES;
				GCC_WARN_UNINITIALIZED_AUTOS = YES_AGGRESSIVE;
				GCC_WARN_UNUSED_FUNCTION = YES;
				GCC_WARN_UNUSED_VARIABLE = YES;
				IPHONEOS_DEPLOYMENT_TARGET = 10.2;
				MTL_ENABLE_DEBUG_INFO = NO;
				SDKROOT = iphoneos;
				SWIFT_OPTIMIZATION_LEVEL = "-Owholemodule";
				TARGETED_DEVICE_FAMILY = "1,2";
				VALIDATE_PRODUCT = YES;
			};
			name = Release;
		};
		317247DA1F8D0B60007B1ECF /* Debug */ = {
			isa = XCBuildConfiguration;
			baseConfigurationReference = 73CA5B6818B316D945630E52 /* Pods-SensorTagCC2650.debug.xcconfig */;
			buildSettings = {
				ASSETCATALOG_COMPILER_APPICON_NAME = AppIcon;
				"CODE_SIGN_IDENTITY[sdk=iphoneos*]" = "iPhone Developer";
				DEVELOPMENT_TEAM = 9QXK3B8LAC;
				INFOPLIST_FILE = SensorTagCC2650/Info.plist;
				LD_RUNPATH_SEARCH_PATHS = "$(inherited) @executable_path/Frameworks";
				PRODUCT_BUNDLE_IDENTIFIER = io.github.mani3.SensorTagCC2650;
				PRODUCT_NAME = "$(TARGET_NAME)";
				PROVISIONING_PROFILE = "4efa8e05-fd9b-48b0-8c7d-9bc7a307911d";
				PROVISIONING_PROFILE_SPECIFIER = Wildcard_Development;
				SWIFT_VERSION = 3.0;
			};
			name = Debug;
		};
		317247DB1F8D0B60007B1ECF /* Release */ = {
			isa = XCBuildConfiguration;
			baseConfigurationReference = 8BA4FB1D939C2367074887D3 /* Pods-SensorTagCC2650.release.xcconfig */;
			buildSettings = {
				ASSETCATALOG_COMPILER_APPICON_NAME = AppIcon;
				"CODE_SIGN_IDENTITY[sdk=iphoneos*]" = "iPhone Developer";
				DEVELOPMENT_TEAM = "";
				INFOPLIST_FILE = SensorTagCC2650/Info.plist;
				LD_RUNPATH_SEARCH_PATHS = "$(inherited) @executable_path/Frameworks";
				PRODUCT_BUNDLE_IDENTIFIER = io.github.mani3.SensorTagCC2650;
				PRODUCT_NAME = "$(TARGET_NAME)";
				PROVISIONING_PROFILE_SPECIFIER = "";
				SWIFT_VERSION = 3.0;
			};
			name = Release;
		};
/* End XCBuildConfiguration section */

/* Begin XCConfigurationList section */
		317247C21F8D0B60007B1ECF /* Build configuration list for PBXProject "SensorTagCC2650" */ = {
			isa = XCConfigurationList;
			buildConfigurations = (
				317247D71F8D0B60007B1ECF /* Debug */,
				317247D81F8D0B60007B1ECF /* Release */,
			);
			defaultConfigurationIsVisible = 0;
			defaultConfigurationName = Release;
		};
		317247D91F8D0B60007B1ECF /* Build configuration list for PBXNativeTarget "SensorTagCC2650" */ = {
			isa = XCConfigurationList;
			buildConfigurations = (
				317247DA1F8D0B60007B1ECF /* Debug */,
				317247DB1F8D0B60007B1ECF /* Release */,
			);
			defaultConfigurationIsVisible = 0;
			defaultConfigurationName = Release;
		};
/* End XCConfigurationList section */
	};
	rootObject = 317247BF1F8D0B60007B1ECF /* Project object */;
}
